
Microsoft Visual Studio Solution File, Format Version 12.00
# Visual Studio Version 17
VisualStudioVersion = 17.3.32922.545
MinimumVisualStudioVersion = 10.0.40219.1
Project("{FAE04EC0-301F-11D3-BF4B-00C04F79EFBC}") = "Lab_ThreeApp", "Lab_ThreeApp\Lab_ThreeApp.csproj", "{B433DDA4-D755-4B6F-BCAA-9B45BC280378}"
EndProject
Global
	GlobalSection(SolutionConfigurationPlatforms) = preSolution
		Debug|Any CPU = Debug|Any CPU
		Release|Any CPU = Release|Any CPU
	EndGlobalSection
	GlobalSection(ProjectConfigurationPlatforms) = postSolution
		{B433DDA4-D755-4B6F-BCAA-9B45BC280378}.Debug|Any CPU.ActiveCfg = Debug|Any CPU
		{B433DDA4-D755-4B6F-BCAA-9B45BC280378}.Debug|Any CPU.Build.0 = Debug|Any CPU
		{B433DDA4-D755-4B6F-BCAA-9B45BC280378}.Release|Any CPU.ActiveCfg = Release|Any CPU
		{B433DDA4-D755-4B6F-BCAA-9B45BC280378}.Release|Any CPU.Build.0 = Release|Any CPU
	EndGlobalSection
	GlobalSection(SolutionProperties) = preSolution
		HideSolutionNode = FALSE
	EndGlobalSection
	GlobalSection(ExtensibilityGlobals) = postSolution
		SolutionGuid = {AA3E305C-0FB3-43A2-873A-CA19E96232B1}
	EndGlobalSection
EndGlobal
